Microsoft Visual Studio Solution File, Format Version 11.00
# Visual Studio 2008

Project("{B606BA21-FD1D-2264-8056-26F56B144A6B}") = "ClassWorkFeb7LiavontsiBrechka", "Assembly-CSharp.csproj", "{9D1E2CA1-D89B-1AD1-F06C-EDA55483F162}"
EndProject
Global
	GlobalSection(SolutionConfigurationPlatforms) = preSolution
		Debug|Any CPU = Debug|Any CPU
		Release|Any CPU = Release|Any CPU
	EndGlobalSection
	GlobalSection(ProjectConfigurationPlatforms) = postSolution
		{9D1E2CA1-D89B-1AD1-F06C-EDA55483F162}.Debug|Any CPU.ActiveCfg = Debug|Any CPU
		{9D1E2CA1-D89B-1AD1-F06C-EDA55483F162}.Debug|Any CPU.Build.0 = Debug|Any CPU
		{9D1E2CA1-D89B-1AD1-F06C-EDA55483F162}.Release|Any CPU.ActiveCfg = Release|Any CPU
		{9D1E2CA1-D89B-1AD1-F06C-EDA55483F162}.Release|Any CPU.Build.0 = Release|Any CPU
	EndGlobalSection
	GlobalSection(SolutionProperties) = preSolution
		HideSolutionNode = FALSE
	EndGlobalSection
	GlobalSection(MonoDevelopProperties) = preSolution
		StartupItem = Assembly-CSharp.csproj
	EndGlobalSection
EndGlobal
